// !$*UTF8*$!
{
	archiveVersion = 1;
	classes = {
	};
	objectVersion = 46;
	objects = {

/* Begin PBXBuildFile section */
		D53E29BE1895F1C200EBEFA2 /* libovr.a in Frameworks */ = {isa = PBXBuildFile; fileRef = D53E295C1895F1C200EBEFA2 /* libovr.a */; };
		D53E29F01895F68500EBEFA2 /* CoreFoundation.framework in Frameworks */ = {isa = PBXBuildFile; fileRef = D53E29EF1895F68500EBEFA2 /* CoreFoundation.framework */; };
		D53E29F21895F69000EBEFA2 /* IOKit.framework in Frameworks */ = {isa = PBXBuildFile; fileRef = D53E29F11895F69000EBEFA2 /* IOKit.framework */; };
		D53E29F41895F69400EBEFA2 /* IOSurface.framework in Frameworks */ = {isa = PBXBuildFile; fileRef = D53E29F31895F69400EBEFA2 /* IOSurface.framework */; };
		D53E29F61895F6CC00EBEFA2 /* ApplicationServices.framework in Frameworks */ = {isa = PBXBuildFile; fileRef = D53E29F51895F6CC00EBEFA2 /* ApplicationServices.framework */; };
		D541EB921893C82500B069F4 /* Cocoa.framework in Frameworks */ = {isa = PBXBuildFile; fileRef = D541EB911893C82500B069F4 /* Cocoa.framework */; };
		D541EB9C1893C82500B069F4 /* InfoPlist.strings in Resources */ = {isa = PBXBuildFile; fileRef = D541EB9A1893C82500B069F4 /* InfoPlist.strings */; };
		D541EB9E1893C82500B069F4 /* main.m in Sources */ = {isa = PBXBuildFile; fileRef = D541EB9D1893C82500B069F4 /* main.m */; };
		D541EBA21893C82500B069F4 /* Credits.rtf in Resources */ = {isa = PBXBuildFile; fileRef = D541EBA01893C82500B069F4 /* Credits.rtf */; };
		D541EBA51893C82500B069F4 /* AppDelegate.m in Sources */ = {isa = PBXBuildFile; fileRef = D541EBA41893C82500B069F4 /* AppDelegate.m */; };
		D541EBA81893C82500B069F4 /* MainMenu.xib in Resources */ = {isa = PBXBuildFile; fileRef = D541EBA61893C82500B069F4 /* MainMenu.xib */; };
		D541EBAA1893C82500B069F4 /* Images.xcassets in Resources */ = {isa = PBXBuildFile; fileRef = D541EBA91893C82500B069F4 /* Images.xcassets */; };
		D541EBB11893C82500B069F4 /* XCTest.framework in Frameworks */ = {isa = PBXBuildFile; fileRef = D541EBB01893C82500B069F4 /* XCTest.framework */; };
		D541EBB21893C82500B069F4 /* Cocoa.framework in Frameworks */ = {isa = PBXBuildFile; fileRef = D541EB911893C82500B069F4 /* Cocoa.framework */; };
		D541EBBA1893C82500B069F4 /* InfoPlist.strings in Resources */ = {isa = PBXBuildFile; fileRef = D541EBB81893C82500B069F4 /* InfoPlist.strings */; };
		D541EBBC1893C82500B069F4 /* BasicGLTests.m in Sources */ = {isa = PBXBuildFile; fileRef = D541EBBB1893C82500B069F4 /* BasicGLTests.m */; };
		D541EBC718944EC900B069F4 /* GLView.mm in Sources */ = {isa = PBXBuildFile; fileRef = D541EBC618944EC900B069F4 /* GLView.mm */; };
		D541EBC9189450E300B069F4 /* OpenGL.framework in Frameworks */ = {isa = PBXBuildFile; fileRef = D541EBC8189450E300B069F4 /* OpenGL.framework */; };
		D541EBCC1894526A00B069F4 /* GLRenderer.mm in Sources */ = {isa = PBXBuildFile; fileRef = D541EBCA1894526A00B069F4 /* GLRenderer.mm */; };
		D541EBCD1894542100B069F4 /* GLRenderer.mm in Sources */ = {isa = PBXBuildFile; fileRef = D541EBCA1894526A00B069F4 /* GLRenderer.mm */; };
		D541EBD318945CC200B069F4 /* BasicRenderer.mm in Sources */ = {isa = PBXBuildFile; fileRef = D541EBD118945CC200B069F4 /* BasicRenderer.mm */; };
/* End PBXBuildFile section */

/* Begin PBXContainerItemProxy section */
		D541EBB31893C82500B069F4 /* PBXContainerItemProxy */ = {
			isa = PBXContainerItemProxy;
			containerPortal = D541EB861893C82500B069F4 /* Project object */;
			proxyType = 1;
			remoteGlobalIDString = D541EB8D1893C82500B069F4;
			remoteInfo = BasicGL;
		};
/* End PBXContainerItemProxy section */

/* Begin PBXFileReference section */
		D53E29571895F1C200EBEFA2 /* OVR.h */ = {isa = PBXFileReference; fileEncoding = 4; lastKnownFileType = sourcecode.c.h; path = OVR.h; sourceTree = "<group>"; };
		D53E29581895F1C200EBEFA2 /* OVRVersion.h */ = {isa = PBXFileReference; fileEncoding = 4; lastKnownFileType = sourcecode.c.h; path = OVRVersion.h; sourceTree = "<group>"; };
		D53E295C1895F1C200EBEFA2 /* libovr.a */ = {isa = PBXFileReference; lastKnownFileType = archive.ar; path = libovr.a; sourceTree = "<group>"; };
		D53E295E1895F1C200EBEFA2 /* libovr.a */ = {isa = PBXFileReference; lastKnownFileType = archive.ar; path = libovr.a; sourceTree = "<group>"; };
		D53E29611895F1C200EBEFA2 /* OVR_Alg.cpp */ = {isa = PBXFileReference; fileEncoding = 4; lastKnownFileType = sourcecode.cpp.cpp; path = OVR_Alg.cpp; sourceTree = "<group>"; };
		D53E29621895F1C200EBEFA2 /* OVR_Alg.h */ = {isa = PBXFileReference; fileEncoding = 4; lastKnownFileType = sourcecode.c.h; path = OVR_Alg.h; sourceTree = "<group>"; };
		D53E29631895F1C200EBEFA2 /* OVR_Allocator.cpp */ = {isa = PBXFileReference; fileEncoding = 4; lastKnownFileType = sourcecode.cpp.cpp; path = OVR_Allocator.cpp; sourceTree = "<group>"; };
		D53E29641895F1C200EBEFA2 /* OVR_Allocator.h */ = {isa = PBXFileReference; fileEncoding = 4; lastKnownFileType = sourcecode.c.h; path = OVR_Allocator.h; sourceTree = "<group>"; };
		D53E29651895F1C200EBEFA2 /* OVR_Array.h */ = {isa = PBXFileReference; fileEncoding = 4; lastKnownFileType = sourcecode.c.h; path = OVR_Array.h; sourceTree = "<group>"; };
		D53E29661895F1C200EBEFA2 /* OVR_Atomic.cpp */ = {isa = PBXFileReference; fileEncoding = 4; lastKnownFileType = sourcecode.cpp.cpp; path = OVR_Atomic.cpp; sourceTree = "<group>"; };
		D53E29671895F1C200EBEFA2 /* OVR_Atomic.h */ = {isa = PBXFileReference; fileEncoding = 4; lastKnownFileType = sourcecode.c.h; path = OVR_Atomic.h; sourceTree = "<group>"; };
		D53E29681895F1C200EBEFA2 /* OVR_Color.h */ = {isa = PBXFileReference; fileEncoding = 4; lastKnownFileType = sourcecode.c.h; path = OVR_Color.h; sourceTree = "<group>"; };
		D53E29691895F1C200EBEFA2 /* OVR_ContainerAllocator.h */ = {isa = PBXFileReference; fileEncoding = 4; lastKnownFileType = sourcecode.c.h; path = OVR_ContainerAllocator.h; sourceTree = "<group>"; };
		D53E296A1895F1C200EBEFA2 /* OVR_File.cpp */ = {isa = PBXFileReference; fileEncoding = 4; lastKnownFileType = sourcecode.cpp.cpp; path = OVR_File.cpp; sourceTree = "<group>"; };
		D53E296B1895F1C200EBEFA2 /* OVR_File.h */ = {isa = PBXFileReference; fileEncoding = 4; lastKnownFileType = sourcecode.c.h; path = OVR_File.h; sourceTree = "<group>"; };
		D53E296C1895F1C200EBEFA2 /* OVR_FileFILE.cpp */ = {isa = PBXFileReference; fileEncoding = 4; lastKnownFileType = sourcecode.cpp.cpp; path = OVR_FileFILE.cpp; sourceTree = "<group>"; };
		D53E296D1895F1C200EBEFA2 /* OVR_Hash.h */ = {isa = PBXFileReference; fileEncoding = 4; lastKnownFileType = sourcecode.c.h; path = OVR_Hash.h; sourceTree = "<group>"; };
		D53E296E1895F1C200EBEFA2 /* OVR_KeyCodes.h */ = {isa = PBXFileReference; fileEncoding = 4; lastKnownFileType = sourcecode.c.h; path = OVR_KeyCodes.h; sourceTree = "<group>"; };
		D53E296F1895F1C200EBEFA2 /* OVR_List.h */ = {isa = PBXFileReference; fileEncoding = 4; lastKnownFileType = sourcecode.c.h; path = OVR_List.h; sourceTree = "<group>"; };
		D53E29701895F1C200EBEFA2 /* OVR_Log.cpp */ = {isa = PBXFileReference; fileEncoding = 4; lastKnownFileType = sourcecode.cpp.cpp; path = OVR_Log.cpp; sourceTree = "<group>"; };
		D53E29711895F1C200EBEFA2 /* OVR_Log.h */ = {isa = PBXFileReference; fileEncoding = 4; lastKnownFileType = sourcecode.c.h; path = OVR_Log.h; sourceTree = "<group>"; };
		D53E29721895F1C200EBEFA2 /* OVR_Math.cpp */ = {isa = PBXFileReference; fileEncoding = 4; lastKnownFileType = sourcecode.cpp.cpp; path = OVR_Math.cpp; sourceTree = "<group>"; };
		D53E29731895F1C200EBEFA2 /* OVR_Math.h */ = {isa = PBXFileReference; fileEncoding = 4; lastKnownFileType = sourcecode.c.h; path = OVR_Math.h; sourceTree = "<group>"; };
		D53E29741895F1C200EBEFA2 /* OVR_RefCount.cpp */ = {isa = PBXFileReference; fileEncoding = 4; lastKnownFileType = sourcecode.cpp.cpp; path = OVR_RefCount.cpp; sourceTree = "<group>"; };
		D53E29751895F1C200EBEFA2 /* OVR_RefCount.h */ = {isa = PBXFileReference; fileEncoding = 4; lastKnownFileType = sourcecode.c.h; path = OVR_RefCount.h; sourceTree = "<group>"; };
		D53E29761895F1C200EBEFA2 /* OVR_Std.cpp */ = {isa = PBXFileReference; fileEncoding = 4; lastKnownFileType = sourcecode.cpp.cpp; path = OVR_Std.cpp; sourceTree = "<group>"; };
		D53E29771895F1C200EBEFA2 /* OVR_Std.h */ = {isa = PBXFileReference; fileEncoding = 4; lastKnownFileType = sourcecode.c.h; path = OVR_Std.h; sourceTree = "<group>"; };
		D53E29781895F1C200EBEFA2 /* OVR_String.cpp */ = {isa = PBXFileReference; fileEncoding = 4; lastKnownFileType = sourcecode.cpp.cpp; path = OVR_String.cpp; sourceTree = "<group>"; };
		D53E29791895F1C200EBEFA2 /* OVR_String.h */ = {isa = PBXFileReference; fileEncoding = 4; lastKnownFileType = sourcecode.c.h; path = OVR_String.h; sourceTree = "<group>"; };
		D53E297A1895F1C200EBEFA2 /* OVR_String_FormatUtil.cpp */ = {isa = PBXFileReference; fileEncoding = 4; lastKnownFileType = sourcecode.cpp.cpp; path = OVR_String_FormatUtil.cpp; sourceTree = "<group>"; };
		D53E297B1895F1C200EBEFA2 /* OVR_String_PathUtil.cpp */ = {isa = PBXFileReference; fileEncoding = 4; lastKnownFileType = sourcecode.cpp.cpp; path = OVR_String_PathUtil.cpp; sourceTree = "<group>"; };
		D53E297C1895F1C200EBEFA2 /* OVR_StringHash.h */ = {isa = PBXFileReference; fileEncoding = 4; lastKnownFileType = sourcecode.c.h; path = OVR_StringHash.h; sourceTree = "<group>"; };
		D53E297D1895F1C200EBEFA2 /* OVR_SysFile.cpp */ = {isa = PBXFileReference; fileEncoding = 4; lastKnownFileType = sourcecode.cpp.cpp; path = OVR_SysFile.cpp; sourceTree = "<group>"; };
		D53E297E1895F1C200EBEFA2 /* OVR_SysFile.h */ = {isa = PBXFileReference; fileEncoding = 4; lastKnownFileType = sourcecode.c.h; path = OVR_SysFile.h; sourceTree = "<group>"; };
		D53E297F1895F1C200EBEFA2 /* OVR_System.cpp */ = {isa = PBXFileReference; fileEncoding = 4; lastKnownFileType = sourcecode.cpp.cpp; path = OVR_System.cpp; sourceTree = "<group>"; };
		D53E29801895F1C200EBEFA2 /* OVR_System.h */ = {isa = PBXFileReference; fileEncoding = 4; lastKnownFileType = sourcecode.c.h; path = OVR_System.h; sourceTree = "<group>"; };
		D53E29811895F1C200EBEFA2 /* OVR_Threads.h */ = {isa = PBXFileReference; fileEncoding = 4; lastKnownFileType = sourcecode.c.h; path = OVR_Threads.h; sourceTree = "<group>"; };
		D53E29821895F1C200EBEFA2 /* OVR_ThreadsPthread.cpp */ = {isa = PBXFileReference; fileEncoding = 4; lastKnownFileType = sourcecode.cpp.cpp; path = OVR_ThreadsPthread.cpp; sourceTree = "<group>"; };
		D53E29831895F1C200EBEFA2 /* OVR_ThreadsWinAPI.cpp */ = {isa = PBXFileReference; fileEncoding = 4; lastKnownFileType = sourcecode.cpp.cpp; path = OVR_ThreadsWinAPI.cpp; sourceTree = "<group>"; };
		D53E29841895F1C200EBEFA2 /* OVR_Timer.cpp */ = {isa = PBXFileReference; fileEncoding = 4; lastKnownFileType = sourcecode.cpp.cpp; path = OVR_Timer.cpp; sourceTree = "<group>"; };
		D53E29851895F1C200EBEFA2 /* OVR_Timer.h */ = {isa = PBXFileReference; fileEncoding = 4; lastKnownFileType = sourcecode.c.h; path = OVR_Timer.h; sourceTree = "<group>"; };
		D53E29861895F1C200EBEFA2 /* OVR_Types.h */ = {isa = PBXFileReference; fileEncoding = 4; lastKnownFileType = sourcecode.c.h; path = OVR_Types.h; sourceTree = "<group>"; };
		D53E29871895F1C200EBEFA2 /* OVR_UTF8Util.cpp */ = {isa = PBXFileReference; fileEncoding = 4; lastKnownFileType = sourcecode.cpp.cpp; path = OVR_UTF8Util.cpp; sourceTree = "<group>"; };
		D53E29881895F1C200EBEFA2 /* OVR_UTF8Util.h */ = {isa = PBXFileReference; fileEncoding = 4; lastKnownFileType = sourcecode.c.h; path = OVR_UTF8Util.h; sourceTree = "<group>"; };
		D53E29891895F1C200EBEFA2 /* OVR_Device.h */ = {isa = PBXFileReference; fileEncoding = 4; lastKnownFileType = sourcecode.c.h; path = OVR_Device.h; sourceTree = "<group>"; };
		D53E298A1895F1C200EBEFA2 /* OVR_DeviceConstants.h */ = {isa = PBXFileReference; fileEncoding = 4; lastKnownFileType = sourcecode.c.h; path = OVR_DeviceConstants.h; sourceTree = "<group>"; };
		D53E298B1895F1C200EBEFA2 /* OVR_DeviceHandle.cpp */ = {isa = PBXFileReference; fileEncoding = 4; lastKnownFileType = sourcecode.cpp.cpp; path = OVR_DeviceHandle.cpp; sourceTree = "<group>"; };
		D53E298C1895F1C200EBEFA2 /* OVR_DeviceHandle.h */ = {isa = PBXFileReference; fileEncoding = 4; lastKnownFileType = sourcecode.c.h; path = OVR_DeviceHandle.h; sourceTree = "<group>"; };
		D53E298D1895F1C200EBEFA2 /* OVR_DeviceImpl.cpp */ = {isa = PBXFileReference; fileEncoding = 4; lastKnownFileType = sourcecode.cpp.cpp; path = OVR_DeviceImpl.cpp; sourceTree = "<group>"; };
		D53E298E1895F1C200EBEFA2 /* OVR_DeviceImpl.h */ = {isa = PBXFileReference; fileEncoding = 4; lastKnownFileType = sourcecode.c.h; path = OVR_DeviceImpl.h; sourceTree = "<group>"; };
		D53E298F1895F1C200EBEFA2 /* OVR_DeviceMessages.h */ = {isa = PBXFileReference; fileEncoding = 4; lastKnownFileType = sourcecode.c.h; path = OVR_DeviceMessages.h; sourceTree = "<group>"; };
		D53E29901895F1C200EBEFA2 /* OVR_HIDDevice.h */ = {isa = PBXFileReference; fileEncoding = 4; lastKnownFileType = sourcecode.c.h; path = OVR_HIDDevice.h; sourceTree = "<group>"; };
		D53E29911895F1C200EBEFA2 /* OVR_HIDDeviceBase.h */ = {isa = PBXFileReference; fileEncoding = 4; lastKnownFileType = sourcecode.c.h; path = OVR_HIDDeviceBase.h; sourceTree = "<group>"; };
		D53E29921895F1C200EBEFA2 /* OVR_HIDDeviceImpl.h */ = {isa = PBXFileReference; fileEncoding = 4; lastKnownFileType = sourcecode.c.h; path = OVR_HIDDeviceImpl.h; sourceTree = "<group>"; };
		D53E29931895F1C200EBEFA2 /* OVR_JSON.cpp */ = {isa = PBXFileReference; fileEncoding = 4; lastKnownFileType = sourcecode.cpp.cpp; path = OVR_JSON.cpp; sourceTree = "<group>"; };
		D53E29941895F1C200EBEFA2 /* OVR_JSON.h */ = {isa = PBXFileReference; fileEncoding = 4; lastKnownFileType = sourcecode.c.h; path = OVR_JSON.h; sourceTree = "<group>"; };
		D53E29951895F1C200EBEFA2 /* OVR_LatencyTestImpl.cpp */ = {isa = PBXFileReference; fileEncoding = 4; lastKnownFileType = sourcecode.cpp.cpp; path = OVR_LatencyTestImpl.cpp; sourceTree = "<group>"; };
		D53E29961895F1C200EBEFA2 /* OVR_LatencyTestImpl.h */ = {isa = PBXFileReference; fileEncoding = 4; lastKnownFileType = sourcecode.c.h; path = OVR_LatencyTestImpl.h; sourceTree = "<group>"; };
		D53E29971895F1C200EBEFA2 /* OVR_Linux_DeviceManager.cpp */ = {isa = PBXFileReference; fileEncoding = 4; lastKnownFileType = sourcecode.cpp.cpp; path = OVR_Linux_DeviceManager.cpp; sourceTree = "<group>"; };
		D53E29981895F1C200EBEFA2 /* OVR_Linux_DeviceManager.h */ = {isa = PBXFileReference; fileEncoding = 4; lastKnownFileType = sourcecode.c.h; path = OVR_Linux_DeviceManager.h; sourceTree = "<group>"; };
		D53E29991895F1C200EBEFA2 /* OVR_Linux_HIDDevice.cpp */ = {isa = PBXFileReference; fileEncoding = 4; lastKnownFileType = sourcecode.cpp.cpp; path = OVR_Linux_HIDDevice.cpp; sourceTree = "<group>"; };
		D53E299A1895F1C200EBEFA2 /* OVR_Linux_HIDDevice.h */ = {isa = PBXFileReference; fileEncoding = 4; lastKnownFileType = sourcecode.c.h; path = OVR_Linux_HIDDevice.h; sourceTree = "<group>"; };
		D53E299B1895F1C200EBEFA2 /* OVR_Linux_HMDDevice.cpp */ = {isa = PBXFileReference; fileEncoding = 4; lastKnownFileType = sourcecode.cpp.cpp; path = OVR_Linux_HMDDevice.cpp; sourceTree = "<group>"; };
		D53E299C1895F1C200EBEFA2 /* OVR_Linux_HMDDevice.h */ = {isa = PBXFileReference; fileEncoding = 4; lastKnownFileType = sourcecode.c.h; path = OVR_Linux_HMDDevice.h; sourceTree = "<group>"; };
		D53E299D1895F1C200EBEFA2 /* OVR_Linux_SensorDevice.cpp */ = {isa = PBXFileReference; fileEncoding = 4; lastKnownFileType = sourcecode.cpp.cpp; path = OVR_Linux_SensorDevice.cpp; sourceTree = "<group>"; };
		D53E299E1895F1C200EBEFA2 /* OVR_OSX_DeviceManager.cpp */ = {isa = PBXFileReference; fileEncoding = 4; lastKnownFileType = sourcecode.cpp.cpp; path = OVR_OSX_DeviceManager.cpp; sourceTree = "<group>"; };
		D53E299F1895F1C200EBEFA2 /* OVR_OSX_DeviceManager.h */ = {isa = PBXFileReference; fileEncoding = 4; lastKnownFileType = sourcecode.c.h; path = OVR_OSX_DeviceManager.h; sourceTree = "<group>"; };
		D53E29A01895F1C200EBEFA2 /* OVR_OSX_HIDDevice.cpp */ = {isa = PBXFileReference; fileEncoding = 4; lastKnownFileType = sourcecode.cpp.cpp; path = OVR_OSX_HIDDevice.cpp; sourceTree = "<group>"; };
		D53E29A11895F1C200EBEFA2 /* OVR_OSX_HIDDevice.h */ = {isa = PBXFileReference; fileEncoding = 4; lastKnownFileType = sourcecode.c.h; path = OVR_OSX_HIDDevice.h; sourceTree = "<group>"; };
		D53E29A21895F1C200EBEFA2 /* OVR_OSX_HMDDevice.cpp */ = {isa = PBXFileReference; fileEncoding = 4; lastKnownFileType = sourcecode.cpp.cpp; path = OVR_OSX_HMDDevice.cpp; sourceTree = "<group>"; };
		D53E29A31895F1C200EBEFA2 /* OVR_OSX_HMDDevice.h */ = {isa = PBXFileReference; fileEncoding = 4; lastKnownFileType = sourcecode.c.h; path = OVR_OSX_HMDDevice.h; sourceTree = "<group>"; };
		D53E29A41895F1C200EBEFA2 /* OVR_OSX_SensorDevice.cpp */ = {isa = PBXFileReference; fileEncoding = 4; lastKnownFileType = sourcecode.cpp.cpp; path = OVR_OSX_SensorDevice.cpp; sourceTree = "<group>"; };
		D53E29A51895F1C200EBEFA2 /* OVR_Profile.cpp */ = {isa = PBXFileReference; fileEncoding = 4; lastKnownFileType = sourcecode.cpp.cpp; path = OVR_Profile.cpp; sourceTree = "<group>"; };
		D53E29A61895F1C200EBEFA2 /* OVR_Profile.h */ = {isa = PBXFileReference; fileEncoding = 4; lastKnownFileType = sourcecode.c.h; path = OVR_Profile.h; sourceTree = "<group>"; };
		D53E29A71895F1C200EBEFA2 /* OVR_SensorFilter.cpp */ = {isa = PBXFileReference; fileEncoding = 4; lastKnownFileType = sourcecode.cpp.cpp; path = OVR_SensorFilter.cpp; sourceTree = "<group>"; };
		D53E29A81895F1C200EBEFA2 /* OVR_SensorFilter.h */ = {isa = PBXFileReference; fileEncoding = 4; lastKnownFileType = sourcecode.c.h; path = OVR_SensorFilter.h; sourceTree = "<group>"; };
		D53E29A91895F1C200EBEFA2 /* OVR_SensorFusion.cpp */ = {isa = PBXFileReference; fileEncoding = 4; lastKnownFileType = sourcecode.cpp.cpp; path = OVR_SensorFusion.cpp; sourceTree = "<group>"; };
		D53E29AA1895F1C200EBEFA2 /* OVR_SensorFusion.h */ = {isa = PBXFileReference; fileEncoding = 4; lastKnownFileType = sourcecode.c.h; path = OVR_SensorFusion.h; sourceTree = "<group>"; };
		D53E29AB1895F1C200EBEFA2 /* OVR_SensorImpl.cpp */ = {isa = PBXFileReference; fileEncoding = 4; lastKnownFileType = sourcecode.cpp.cpp; path = OVR_SensorImpl.cpp; sourceTree = "<group>"; };
		D53E29AC1895F1C200EBEFA2 /* OVR_SensorImpl.h */ = {isa = PBXFileReference; fileEncoding = 4; lastKnownFileType = sourcecode.c.h; path = OVR_SensorImpl.h; sourceTree = "<group>"; };
		D53E29AD1895F1C200EBEFA2 /* OVR_ThreadCommandQueue.cpp */ = {isa = PBXFileReference; fileEncoding = 4; lastKnownFileType = sourcecode.cpp.cpp; path = OVR_ThreadCommandQueue.cpp; sourceTree = "<group>"; };
		D53E29AE1895F1C200EBEFA2 /* OVR_ThreadCommandQueue.h */ = {isa = PBXFileReference; fileEncoding = 4; lastKnownFileType = sourcecode.c.h; path = OVR_ThreadCommandQueue.h; sourceTree = "<group>"; };
		D53E29AF1895F1C200EBEFA2 /* OVR_Win32_DeviceManager.cpp */ = {isa = PBXFileReference; fileEncoding = 4; lastKnownFileType = sourcecode.cpp.cpp; path = OVR_Win32_DeviceManager.cpp; sourceTree = "<group>"; };
		D53E29B01895F1C200EBEFA2 /* OVR_Win32_DeviceManager.h */ = {isa = PBXFileReference; fileEncoding = 4; lastKnownFileType = sourcecode.c.h; path = OVR_Win32_DeviceManager.h; sourceTree = "<group>"; };
		D53E29B11895F1C200EBEFA2 /* OVR_Win32_DeviceStatus.cpp */ = {isa = PBXFileReference; fileEncoding = 4; lastKnownFileType = sourcecode.cpp.cpp; path = OVR_Win32_DeviceStatus.cpp; sourceTree = "<group>"; };
		D53E29B21895F1C200EBEFA2 /* OVR_Win32_DeviceStatus.h */ = {isa = PBXFileReference; fileEncoding = 4; lastKnownFileType = sourcecode.c.h; path = OVR_Win32_DeviceStatus.h; sourceTree = "<group>"; };
		D53E29B31895F1C200EBEFA2 /* OVR_Win32_HIDDevice.cpp */ = {isa = PBXFileReference; fileEncoding = 4; lastKnownFileType = sourcecode.cpp.cpp; path = OVR_Win32_HIDDevice.cpp; sourceTree = "<group>"; };
		D53E29B41895F1C200EBEFA2 /* OVR_Win32_HIDDevice.h */ = {isa = PBXFileReference; fileEncoding = 4; lastKnownFileType = sourcecode.c.h; path = OVR_Win32_HIDDevice.h; sourceTree = "<group>"; };
		D53E29B51895F1C200EBEFA2 /* OVR_Win32_HMDDevice.cpp */ = {isa = PBXFileReference; fileEncoding = 4; lastKnownFileType = sourcecode.cpp.cpp; path = OVR_Win32_HMDDevice.cpp; sourceTree = "<group>"; };
		D53E29B61895F1C200EBEFA2 /* OVR_Win32_HMDDevice.h */ = {isa = PBXFileReference; fileEncoding = 4; lastKnownFileType = sourcecode.c.h; path = OVR_Win32_HMDDevice.h; sourceTree = "<group>"; };
		D53E29B71895F1C200EBEFA2 /* OVR_Win32_SensorDevice.cpp */ = {isa = PBXFileReference; fileEncoding = 4; lastKnownFileType = sourcecode.cpp.cpp; path = OVR_Win32_SensorDevice.cpp; sourceTree = "<group>"; };
		D53E29B81895F1C200EBEFA2 /* OVR_Win32_SensorDevice.h */ = {isa = PBXFileReference; fileEncoding = 4; lastKnownFileType = sourcecode.c.h; path = OVR_Win32_SensorDevice.h; sourceTree = "<group>"; };
		D53E29BA1895F1C200EBEFA2 /* Util_LatencyTest.cpp */ = {isa = PBXFileReference; fileEncoding = 4; lastKnownFileType = sourcecode.cpp.cpp; path = Util_LatencyTest.cpp; sourceTree = "<group>"; };
		D53E29BB1895F1C200EBEFA2 /* Util_LatencyTest.h */ = {isa = PBXFileReference; fileEncoding = 4; lastKnownFileType = sourcecode.c.h; path = Util_LatencyTest.h; sourceTree = "<group>"; };
		D53E29BC1895F1C200EBEFA2 /* Util_Render_Stereo.cpp */ = {isa = PBXFileReference; fileEncoding = 4; lastKnownFileType = sourcecode.cpp.cpp; path = Util_Render_Stereo.cpp; sourceTree = "<group>"; };
		D53E29BD1895F1C200EBEFA2 /* Util_Render_Stereo.h */ = {isa = PBXFileReference; fileEncoding = 4; lastKnownFileType = sourcecode.c.h; path = Util_Render_Stereo.h; sourceTree = "<group>"; };
		D53E29EC1895F1CA00EBEFA2 /* tinyxml2.cpp */ = {isa = PBXFileReference; fileEncoding = 4; lastKnownFileType = sourcecode.cpp.cpp; path = tinyxml2.cpp; sourceTree = "<group>"; };
		D53E29ED1895F1CA00EBEFA2 /* tinyxml2.h */ = {isa = PBXFileReference; fileEncoding = 4; lastKnownFileType = sourcecode.c.h; path = tinyxml2.h; sourceTree = "<group>"; };
		D53E29EF1895F68500EBEFA2 /* CoreFoundation.framework */ = {isa = PBXFileReference; lastKnownFileType = wrapper.framework; name = CoreFoundation.framework; path = System/Library/Frameworks/CoreFoundation.framework; sourceTree = SDKROOT; };
		D53E29F11895F69000EBEFA2 /* IOKit.framework */ = {isa = PBXFileReference; lastKnownFileType = wrapper.framework; name = IOKit.framework; path = System/Library/Frameworks/IOKit.framework; sourceTree = SDKROOT; };
		D53E29F31895F69400EBEFA2 /* IOSurface.framework */ = {isa = PBXFileReference; lastKnownFileType = wrapper.framework; name = IOSurface.framework; path = System/Library/Frameworks/IOSurface.framework; sourceTree = SDKROOT; };
		D53E29F51895F6CC00EBEFA2 /* ApplicationServices.framework */ = {isa = PBXFileReference; lastKnownFileType = wrapper.framework; name = ApplicationServices.framework; path = System/Library/Frameworks/ApplicationServices.framework; sourceTree = SDKROOT; };
		D541EB8E1893C82500B069F4 /* BasicGL.app */ = {isa = PBXFileReference; explicitFileType = wrapper.application; includeInIndex = 0; path = BasicGL.app; sourceTree = BUILT_PRODUCTS_DIR; };
		D541EB911893C82500B069F4 /* Cocoa.framework */ = {isa = PBXFileReference; lastKnownFileType = wrapper.framework; name = Cocoa.framework; path = System/Library/Frameworks/Cocoa.framework; sourceTree = SDKROOT; };
		D541EB941893C82500B069F4 /* AppKit.framework */ = {isa = PBXFileReference; lastKnownFileType = wrapper.framework; name = AppKit.framework; path = System/Library/Frameworks/AppKit.framework; sourceTree = SDKROOT; };
		D541EB951893C82500B069F4 /* CoreData.framework */ = {isa = PBXFileReference; lastKnownFileType = wrapper.framework; name = CoreData.framework; path = System/Library/Frameworks/CoreData.framework; sourceTree = SDKROOT; };
		D541EB961893C82500B069F4 /* Foundation.framework */ = {isa = PBXFileReference; lastKnownFileType = wrapper.framework; name = Foundation.framework; path = System/Library/Frameworks/Foundation.framework; sourceTree = SDKROOT; };
		D541EB991893C82500B069F4 /* BasicGL-Info.plist */ = {isa = PBXFileReference; lastKnownFileType = text.plist.xml; path = "BasicGL-Info.plist"; sourceTree = "<group>"; };
		D541EB9B1893C82500B069F4 /* en */ = {isa = PBXFileReference; lastKnownFileType = text.plist.strings; name = en; path = en.lproj/InfoPlist.strings; sourceTree = "<group>"; };
		D541EB9D1893C82500B069F4 /* main.m */ = {isa = PBXFileReference; lastKnownFileType = sourcecode.c.objc; path = main.m; sourceTree = "<group>"; };
		D541EB9F1893C82500B069F4 /* BasicGL-Prefix.pch */ = {isa = PBXFileReference; lastKnownFileType = sourcecode.c.h; path = "BasicGL-Prefix.pch"; sourceTree = "<group>"; };
		D541EBA11893C82500B069F4 /* en */ = {isa = PBXFileReference; lastKnownFileType = text.rtf; name = en; path = en.lproj/Credits.rtf; sourceTree = "<group>"; };
		D541EBA31893C82500B069F4 /* AppDelegate.h */ = {isa = PBXFileReference; lastKnownFileType = sourcecode.c.h; path = AppDelegate.h; sourceTree = "<group>"; };
		D541EBA41893C82500B069F4 /* AppDelegate.m */ = {isa = PBXFileReference; lastKnownFileType = sourcecode.c.objc; path = AppDelegate.m; sourceTree = "<group>"; };
		D541EBA71893C82500B069F4 /* Base */ = {isa = PBXFileReference; lastKnownFileType = file.xib; name = Base; path = Base.lproj/MainMenu.xib; sourceTree = "<group>"; };
		D541EBA91893C82500B069F4 /* Images.xcassets */ = {isa = PBXFileReference; lastKnownFileType = folder.assetcatalog; path = Images.xcassets; sourceTree = "<group>"; };
		D541EBAF1893C82500B069F4 /* BasicGLTests.xctest */ = {isa = PBXFileReference; explicitFileType = wrapper.cfbundle; includeInIndex = 0; path = BasicGLTests.xctest; sourceTree = BUILT_PRODUCTS_DIR; };
		D541EBB01893C82500B069F4 /* XCTest.framework */ = {isa = PBXFileReference; lastKnownFileType = wrapper.framework; name = XCTest.framework; path = Library/Frameworks/XCTest.framework; sourceTree = DEVELOPER_DIR; };
		D541EBB71893C82500B069F4 /* BasicGLTests-Info.plist */ = {isa = PBXFileReference; lastKnownFileType = text.plist.xml; path = "BasicGLTests-Info.plist"; sourceTree = "<group>"; };
		D541EBB91893C82500B069F4 /* en */ = {isa = PBXFileReference; lastKnownFileType = text.plist.strings; name = en; path = en.lproj/InfoPlist.strings; sourceTree = "<group>"; };
		D541EBBB1893C82500B069F4 /* BasicGLTests.m */ = {isa = PBXFileReference; lastKnownFileType = sourcecode.c.objc; path = BasicGLTests.m; sourceTree = "<group>"; };
		D541EBC518944EC900B069F4 /* GLView.h */ = {isa = PBXFileReference; fileEncoding = 4; lastKnownFileType = sourcecode.c.h; path = GLView.h; sourceTree = "<group>"; };
		D541EBC618944EC900B069F4 /* GLView.mm */ = {isa = PBXFileReference; fileEncoding = 4; lastKnownFileType = sourcecode.cpp.objcpp; path = GLView.mm; sourceTree = "<group>"; };
		D541EBC8189450E300B069F4 /* OpenGL.framework */ = {isa = PBXFileReference; lastKnownFileType = wrapper.framework; name = OpenGL.framework; path = System/Library/Frameworks/OpenGL.framework; sourceTree = SDKROOT; };
		D541EBCA1894526A00B069F4 /* GLRenderer.mm */ = {isa = PBXFileReference; fileEncoding = 4; lastKnownFileType = sourcecode.cpp.objcpp; path = GLRenderer.mm; sourceTree = "<group>"; };
		D541EBCB1894526A00B069F4 /* GLRenderer.h */ = {isa = PBXFileReference; fileEncoding = 4; lastKnownFileType = sourcecode.c.h; path = GLRenderer.h; sourceTree = "<group>"; };
		D541EBD118945CC200B069F4 /* BasicRenderer.mm */ = {isa = PBXFileReference; fileEncoding = 4; lastKnownFileType = sourcecode.cpp.objcpp; path = BasicRenderer.mm; sourceTree = "<group>"; };
		D541EBD218945CC200B069F4 /* BasicRenderer.h */ = {isa = PBXFileReference; fileEncoding = 4; lastKnownFileType = sourcecode.c.h; path = BasicRenderer.h; sourceTree = "<group>"; };
/* End PBXFileReference section */

/* Begin PBXFrameworksBuildPhase section */
		D541EB8B1893C82500B069F4 /* Frameworks */ = {
			isa = PBXFrameworksBuildPhase;
			buildActionMask = 2147483647;
			files = (
				D53E29F61895F6CC00EBEFA2 /* ApplicationServices.framework in Frameworks */,
				D53E29F41895F69400EBEFA2 /* IOSurface.framework in Frameworks */,
				D53E29F21895F69000EBEFA2 /* IOKit.framework in Frameworks */,
				D53E29F01895F68500EBEFA2 /* CoreFoundation.framework in Frameworks */,
				D541EBC9189450E300B069F4 /* OpenGL.framework in Frameworks */,
				D541EB921893C82500B069F4 /* Cocoa.framework in Frameworks */,
				D53E29BE1895F1C200EBEFA2 /* libovr.a in Frameworks */,
			);
			runOnlyForDeploymentPostprocessing = 0;
		};
		D541EBAC1893C82500B069F4 /* Frameworks */ = {
			isa = PBXFrameworksBuildPhase;
			buildActionMask = 2147483647;
			files = (
				D541EBB21893C82500B069F4 /* Cocoa.framework in Frameworks */,
				D541EBB11893C82500B069F4 /* XCTest.framework in Frameworks */,
			);
			runOnlyForDeploymentPostprocessing = 0;
		};
/* End PBXFrameworksBuildPhase section */

/* Begin PBXGroup section */
		D53E29551895F1C200EBEFA2 /* LibOVR */ = {
			isa = PBXGroup;
			children = (
				D53E29561895F1C200EBEFA2 /* Include */,
				D53E29591895F1C200EBEFA2 /* Lib */,
				D53E295F1895F1C200EBEFA2 /* Src */,
			);
			path = LibOVR;
			sourceTree = "<group>";
		};
		D53E29561895F1C200EBEFA2 /* Include */ = {
			isa = PBXGroup;
			children = (
				D53E29571895F1C200EBEFA2 /* OVR.h */,
				D53E29581895F1C200EBEFA2 /* OVRVersion.h */,
			);
			path = Include;
			sourceTree = "<group>";
		};
		D53E29591895F1C200EBEFA2 /* Lib */ = {
			isa = PBXGroup;
			children = (
				D53E295A1895F1C200EBEFA2 /* MacOS */,
			);
			path = Lib;
			sourceTree = "<group>";
		};
		D53E295A1895F1C200EBEFA2 /* MacOS */ = {
			isa = PBXGroup;
			children = (
				D53E295B1895F1C200EBEFA2 /* Debug */,
				D53E295D1895F1C200EBEFA2 /* Release */,
			);
			path = MacOS;
			sourceTree = "<group>";
		};
		D53E295B1895F1C200EBEFA2 /* Debug */ = {
			isa = PBXGroup;
			children = (
				D53E295C1895F1C200EBEFA2 /* libovr.a */,
			);
			path = Debug;
			sourceTree = "<group>";
		};
		D53E295D1895F1C200EBEFA2 /* Release */ = {
			isa = PBXGroup;
			children = (
				D53E295E1895F1C200EBEFA2 /* libovr.a */,
			);
			path = Release;
			sourceTree = "<group>";
		};
		D53E295F1895F1C200EBEFA2 /* Src */ = {
			isa = PBXGroup;
			children = (
				D53E29601895F1C200EBEFA2 /* Kernel */,
				D53E29891895F1C200EBEFA2 /* OVR_Device.h */,
				D53E298A1895F1C200EBEFA2 /* OVR_DeviceConstants.h */,
				D53E298B1895F1C200EBEFA2 /* OVR_DeviceHandle.cpp */,
				D53E298C1895F1C200EBEFA2 /* OVR_DeviceHandle.h */,
				D53E298D1895F1C200EBEFA2 /* OVR_DeviceImpl.cpp */,
				D53E298E1895F1C200EBEFA2 /* OVR_DeviceImpl.h */,
				D53E298F1895F1C200EBEFA2 /* OVR_DeviceMessages.h */,
				D53E29901895F1C200EBEFA2 /* OVR_HIDDevice.h */,
				D53E29911895F1C200EBEFA2 /* OVR_HIDDeviceBase.h */,
				D53E29921895F1C200EBEFA2 /* OVR_HIDDeviceImpl.h */,
				D53E29931895F1C200EBEFA2 /* OVR_JSON.cpp */,
				D53E29941895F1C200EBEFA2 /* OVR_JSON.h */,
				D53E29951895F1C200EBEFA2 /* OVR_LatencyTestImpl.cpp */,
				D53E29961895F1C200EBEFA2 /* OVR_LatencyTestImpl.h */,
				D53E29971895F1C200EBEFA2 /* OVR_Linux_DeviceManager.cpp */,
				D53E29981895F1C200EBEFA2 /* OVR_Linux_DeviceManager.h */,
				D53E29991895F1C200EBEFA2 /* OVR_Linux_HIDDevice.cpp */,
				D53E299A1895F1C200EBEFA2 /* OVR_Linux_HIDDevice.h */,
				D53E299B1895F1C200EBEFA2 /* OVR_Linux_HMDDevice.cpp */,
				D53E299C1895F1C200EBEFA2 /* OVR_Linux_HMDDevice.h */,
				D53E299D1895F1C200EBEFA2 /* OVR_Linux_SensorDevice.cpp */,
				D53E299E1895F1C200EBEFA2 /* OVR_OSX_DeviceManager.cpp */,
				D53E299F1895F1C200EBEFA2 /* OVR_OSX_DeviceManager.h */,
				D53E29A01895F1C200EBEFA2 /* OVR_OSX_HIDDevice.cpp */,
				D53E29A11895F1C200EBEFA2 /* OVR_OSX_HIDDevice.h */,
				D53E29A21895F1C200EBEFA2 /* OVR_OSX_HMDDevice.cpp */,
				D53E29A31895F1C200EBEFA2 /* OVR_OSX_HMDDevice.h */,
				D53E29A41895F1C200EBEFA2 /* OVR_OSX_SensorDevice.cpp */,
				D53E29A51895F1C200EBEFA2 /* OVR_Profile.cpp */,
				D53E29A61895F1C200EBEFA2 /* OVR_Profile.h */,
				D53E29A71895F1C200EBEFA2 /* OVR_SensorFilter.cpp */,
				D53E29A81895F1C200EBEFA2 /* OVR_SensorFilter.h */,
				D53E29A91895F1C200EBEFA2 /* OVR_SensorFusion.cpp */,
				D53E29AA1895F1C200EBEFA2 /* OVR_SensorFusion.h */,
				D53E29AB1895F1C200EBEFA2 /* OVR_SensorImpl.cpp */,
				D53E29AC1895F1C200EBEFA2 /* OVR_SensorImpl.h */,
				D53E29AD1895F1C200EBEFA2 /* OVR_ThreadCommandQueue.cpp */,
				D53E29AE1895F1C200EBEFA2 /* OVR_ThreadCommandQueue.h */,
				D53E29AF1895F1C200EBEFA2 /* OVR_Win32_DeviceManager.cpp */,
				D53E29B01895F1C200EBEFA2 /* OVR_Win32_DeviceManager.h */,
				D53E29B11895F1C200EBEFA2 /* OVR_Win32_DeviceStatus.cpp */,
				D53E29B21895F1C200EBEFA2 /* OVR_Win32_DeviceStatus.h */,
				D53E29B31895F1C200EBEFA2 /* OVR_Win32_HIDDevice.cpp */,
				D53E29B41895F1C200EBEFA2 /* OVR_Win32_HIDDevice.h */,
				D53E29B51895F1C200EBEFA2 /* OVR_Win32_HMDDevice.cpp */,
				D53E29B61895F1C200EBEFA2 /* OVR_Win32_HMDDevice.h */,
				D53E29B71895F1C200EBEFA2 /* OVR_Win32_SensorDevice.cpp */,
				D53E29B81895F1C200EBEFA2 /* OVR_Win32_SensorDevice.h */,
				D53E29B91895F1C200EBEFA2 /* Util */,
			);
			path = Src;
			sourceTree = "<group>";
		};
		D53E29601895F1C200EBEFA2 /* Kernel */ = {
			isa = PBXGroup;
			children = (
				D53E29611895F1C200EBEFA2 /* OVR_Alg.cpp */,
				D53E29621895F1C200EBEFA2 /* OVR_Alg.h */,
				D53E29631895F1C200EBEFA2 /* OVR_Allocator.cpp */,
				D53E29641895F1C200EBEFA2 /* OVR_Allocator.h */,
				D53E29651895F1C200EBEFA2 /* OVR_Array.h */,
				D53E29661895F1C200EBEFA2 /* OVR_Atomic.cpp */,
				D53E29671895F1C200EBEFA2 /* OVR_Atomic.h */,
				D53E29681895F1C200EBEFA2 /* OVR_Color.h */,
				D53E29691895F1C200EBEFA2 /* OVR_ContainerAllocator.h */,
				D53E296A1895F1C200EBEFA2 /* OVR_File.cpp */,
				D53E296B1895F1C200EBEFA2 /* OVR_File.h */,
				D53E296C1895F1C200EBEFA2 /* OVR_FileFILE.cpp */,
				D53E296D1895F1C200EBEFA2 /* OVR_Hash.h */,
				D53E296E1895F1C200EBEFA2 /* OVR_KeyCodes.h */,
				D53E296F1895F1C200EBEFA2 /* OVR_List.h */,
				D53E29701895F1C200EBEFA2 /* OVR_Log.cpp */,
				D53E29711895F1C200EBEFA2 /* OVR_Log.h */,
				D53E29721895F1C200EBEFA2 /* OVR_Math.cpp */,
				D53E29731895F1C200EBEFA2 /* OVR_Math.h */,
				D53E29741895F1C200EBEFA2 /* OVR_RefCount.cpp */,
				D53E29751895F1C200EBEFA2 /* OVR_RefCount.h */,
				D53E29761895F1C200EBEFA2 /* OVR_Std.cpp */,
				D53E29771895F1C200EBEFA2 /* OVR_Std.h */,
				D53E29781895F1C200EBEFA2 /* OVR_String.cpp */,
				D53E29791895F1C200EBEFA2 /* OVR_String.h */,
				D53E297A1895F1C200EBEFA2 /* OVR_String_FormatUtil.cpp */,
				D53E297B1895F1C200EBEFA2 /* OVR_String_PathUtil.cpp */,
				D53E297C1895F1C200EBEFA2 /* OVR_StringHash.h */,
				D53E297D1895F1C200EBEFA2 /* OVR_SysFile.cpp */,
				D53E297E1895F1C200EBEFA2 /* OVR_SysFile.h */,
				D53E297F1895F1C200EBEFA2 /* OVR_System.cpp */,
				D53E29801895F1C200EBEFA2 /* OVR_System.h */,
				D53E29811895F1C200EBEFA2 /* OVR_Threads.h */,
				D53E29821895F1C200EBEFA2 /* OVR_ThreadsPthread.cpp */,
				D53E29831895F1C200EBEFA2 /* OVR_ThreadsWinAPI.cpp */,
				D53E29841895F1C200EBEFA2 /* OVR_Timer.cpp */,
				D53E29851895F1C200EBEFA2 /* OVR_Timer.h */,
				D53E29861895F1C200EBEFA2 /* OVR_Types.h */,
				D53E29871895F1C200EBEFA2 /* OVR_UTF8Util.cpp */,
				D53E29881895F1C200EBEFA2 /* OVR_UTF8Util.h */,
			);
			path = Kernel;
			sourceTree = "<group>";
		};
		D53E29B91895F1C200EBEFA2 /* Util */ = {
			isa = PBXGroup;
			children = (
				D53E29BA1895F1C200EBEFA2 /* Util_LatencyTest.cpp */,
				D53E29BB1895F1C200EBEFA2 /* Util_LatencyTest.h */,
				D53E29BC1895F1C200EBEFA2 /* Util_Render_Stereo.cpp */,
				D53E29BD1895F1C200EBEFA2 /* Util_Render_Stereo.h */,
			);
			path = Util;
			sourceTree = "<group>";
		};
		D53E29EA1895F1CA00EBEFA2 /* 3rdParty */ = {
			isa = PBXGroup;
			children = (
				D53E29EB1895F1CA00EBEFA2 /* TinyXml */,
			);
			path = 3rdParty;
			sourceTree = "<group>";
		};
		D53E29EB1895F1CA00EBEFA2 /* TinyXml */ = {
			isa = PBXGroup;
			children = (
				D53E29EC1895F1CA00EBEFA2 /* tinyxml2.cpp */,
				D53E29ED1895F1CA00EBEFA2 /* tinyxml2.h */,
			);
			path = TinyXml;
			sourceTree = "<group>";
		};
		D541EB851893C82500B069F4 = {
			isa = PBXGroup;
			children = (
				D541EB971893C82500B069F4 /* BasicGL */,
				D541EBB51893C82500B069F4 /* BasicGLTests */,
				D541EB901893C82500B069F4 /* Frameworks */,
				D541EB8F1893C82500B069F4 /* Products */,
			);
			sourceTree = "<group>";
		};
		D541EB8F1893C82500B069F4 /* Products */ = {
			isa = PBXGroup;
			children = (
				D541EB8E1893C82500B069F4 /* BasicGL.app */,
				D541EBAF1893C82500B069F4 /* BasicGLTests.xctest */,
			);
			name = Products;
			sourceTree = "<group>";
		};
		D541EB901893C82500B069F4 /* Frameworks */ = {
			isa = PBXGroup;
			children = (
				D53E29F51895F6CC00EBEFA2 /* ApplicationServices.framework */,
				D53E29F31895F69400EBEFA2 /* IOSurface.framework */,
				D53E29F11895F69000EBEFA2 /* IOKit.framework */,
				D53E29EF1895F68500EBEFA2 /* CoreFoundation.framework */,
				D541EBC8189450E300B069F4 /* OpenGL.framework */,
				D541EB911893C82500B069F4 /* Cocoa.framework */,
				D541EBB01893C82500B069F4 /* XCTest.framework */,
				D541EB931893C82500B069F4 /* Other Frameworks */,
			);
			name = Frameworks;
			sourceTree = "<group>";
		};
		D541EB931893C82500B069F4 /* Other Frameworks */ = {
			isa = PBXGroup;
			children = (
				D541EB941893C82500B069F4 /* AppKit.framework */,
				D541EB951893C82500B069F4 /* CoreData.framework */,
				D541EB961893C82500B069F4 /* Foundation.framework */,
			);
			name = "Other Frameworks";
			sourceTree = "<group>";
		};
		D541EB971893C82500B069F4 /* BasicGL */ = {
			isa = PBXGroup;
			children = (
				D541EBA31893C82500B069F4 /* AppDelegate.h */,
				D541EBA41893C82500B069F4 /* AppDelegate.m */,
				D541EBC518944EC900B069F4 /* GLView.h */,
				D541EBC618944EC900B069F4 /* GLView.mm */,
				D541EBD018945C8100B069F4 /* C++ */,
				D541EBA61893C82500B069F4 /* MainMenu.xib */,
				D541EBA91893C82500B069F4 /* Images.xcassets */,
				D53E29EA1895F1CA00EBEFA2 /* 3rdParty */,
				D53E29551895F1C200EBEFA2 /* LibOVR */,
				D541EB981893C82500B069F4 /* Supporting Files */,
			);
			path = BasicGL;
			sourceTree = "<group>";
		};
		D541EB981893C82500B069F4 /* Supporting Files */ = {
			isa = PBXGroup;
			children = (
				D541EB991893C82500B069F4 /* BasicGL-Info.plist */,
				D541EB9A1893C82500B069F4 /* InfoPlist.strings */,
				D541EB9D1893C82500B069F4 /* main.m */,
				D541EB9F1893C82500B069F4 /* BasicGL-Prefix.pch */,
				D541EBA01893C82500B069F4 /* Credits.rtf */,
			);
			name = "Supporting Files";
			sourceTree = "<group>";
		};
		D541EBB51893C82500B069F4 /* BasicGLTests */ = {
			isa = PBXGroup;
			children = (
				D541EBBB1893C82500B069F4 /* BasicGLTests.m */,
				D541EBB61893C82500B069F4 /* Supporting Files */,
			);
			path = BasicGLTests;
			sourceTree = "<group>";
		};
		D541EBB61893C82500B069F4 /* Supporting Files */ = {
			isa = PBXGroup;
			children = (
				D541EBB71893C82500B069F4 /* BasicGLTests-Info.plist */,
				D541EBB81893C82500B069F4 /* InfoPlist.strings */,
			);
			name = "Supporting Files";
			sourceTree = "<group>";
		};
		D541EBD018945C8100B069F4 /* C++ */ = {
			isa = PBXGroup;
			children = (
				D541EBCB1894526A00B069F4 /* GLRenderer.h */,
				D541EBCA1894526A00B069F4 /* GLRenderer.mm */,
				D541EBD218945CC200B069F4 /* BasicRenderer.h */,
				D541EBD118945CC200B069F4 /* BasicRenderer.mm */,
			);
			name = "C++";
			sourceTree = "<group>";
		};
/* End PBXGroup section */

/* Begin PBXNativeTarget section */
		D541EB8D1893C82500B069F4 /* BasicGL */ = {
			isa = PBXNativeTarget;
			buildConfigurationList = D541EBBF1893C82500B069F4 /* Build configuration list for PBXNativeTarget "BasicGL" */;
			buildPhases = (
				D541EB8A1893C82500B069F4 /* Sources */,
				D541EB8B1893C82500B069F4 /* Frameworks */,
				D541EB8C1893C82500B069F4 /* Resources */,
			);
			buildRules = (
			);
			dependencies = (
			);
			name = BasicGL;
			productName = BasicGL;
			productReference = D541EB8E1893C82500B069F4 /* BasicGL.app */;
			productType = "com.apple.product-type.application";
		};
		D541EBAE1893C82500B069F4 /* BasicGLTests */ = {
			isa = PBXNativeTarget;
			buildConfigurationList = D541EBC21893C82500B069F4 /* Build configuration list for PBXNativeTarget "BasicGLTests" */;
			buildPhases = (
				D541EBAB1893C82500B069F4 /* Sources */,
				D541EBAC1893C82500B069F4 /* Frameworks */,
				D541EBAD1893C82500B069F4 /* Resources */,
			);
			buildRules = (
			);
			dependencies = (
				D541EBB41893C82500B069F4 /* PBXTargetDependency */,
			);
			name = BasicGLTests;
			productName = BasicGLTests;
			productReference = D541EBAF1893C82500B069F4 /* BasicGLTests.xctest */;
			productType = "com.apple.product-type.bundle.unit-test";
		};
/* End PBXNativeTarget section */

/* Begin PBXProject section */
		D541EB861893C82500B069F4 /* Project object */ = {
			isa = PBXProject;
			attributes = {
				LastUpgradeCheck = 0500;
				ORGANIZATIONNAME = "Robby Kraft";
				TargetAttributes = {
					D541EBAE1893C82500B069F4 = {
						TestTargetID = D541EB8D1893C82500B069F4;
					};
				};
			};
			buildConfigurationList = D541EB891893C82500B069F4 /* Build configuration list for PBXProject "BasicGL" */;
			compatibilityVersion = "Xcode 3.2";
			developmentRegion = English;
			hasScannedForEncodings = 0;
			knownRegions = (
				en,
				Base,
			);
			mainGroup = D541EB851893C82500B069F4;
			productRefGroup = D541EB8F1893C82500B069F4 /* Products */;
			projectDirPath = "";
			projectRoot = "";
			targets = (
				D541EB8D1893C82500B069F4 /* BasicGL */,
				D541EBAE1893C82500B069F4 /* BasicGLTests */,
			);
		};
/* End PBXProject section */

/* Begin PBXResourcesBuildPhase section */
		D541EB8C1893C82500B069F4 /* Resources */ = {
			isa = PBXResourcesBuildPhase;
			buildActionMask = 2147483647;
			files = (
				D541EB9C1893C82500B069F4 /* InfoPlist.strings in Resources */,
				D541EBAA1893C82500B069F4 /* Images.xcassets in Resources */,
				D541EBA21893C82500B069F4 /* Credits.rtf in Resources */,
				D541EBA81893C82500B069F4 /* MainMenu.xib in Resources */,
			);
			runOnlyForDeploymentPostprocessing = 0;
		};
		D541EBAD1893C82500B069F4 /* Resources */ = {
			isa = PBXResourcesBuildPhase;
			buildActionMask = 2147483647;
			files = (
				D541EBBA1893C82500B069F4 /* InfoPlist.strings in Resources */,
			);
			runOnlyForDeploymentPostprocessing = 0;
		};
/* End PBXResourcesBuildPhase section */

/* Begin PBXSourcesBuildPhase section */
		D541EB8A1893C82500B069F4 /* Sources */ = {
			isa = PBXSourcesBuildPhase;
			buildActionMask = 2147483647;
			files = (
				D541EBA51893C82500B069F4 /* AppDelegate.m in Sources */,
				D541EBCC1894526A00B069F4 /* GLRenderer.mm in Sources */,
				D541EBD318945CC200B069F4 /* BasicRenderer.mm in Sources */,
				D541EB9E1893C82500B069F4 /* main.m in Sources */,
				D541EBC718944EC900B069F4 /* GLView.mm in Sources */,
			);
			runOnlyForDeploymentPostprocessing = 0;
		};
		D541EBAB1893C82500B069F4 /* Sources */ = {
			isa = PBXSourcesBuildPhase;
			buildActionMask = 2147483647;
			files = (
				D541EBBC1893C82500B069F4 /* BasicGLTests.m in Sources */,
				D541EBCD1894542100B069F4 /* GLRenderer.mm in Sources */,
			);
			runOnlyForDeploymentPostprocessing = 0;
		};
/* End PBXSourcesBuildPhase section */

/* Begin PBXTargetDependency section */
		D541EBB41893C82500B069F4 /* PBXTargetDependency */ = {
			isa = PBXTargetDependency;
			target = D541EB8D1893C82500B069F4 /* BasicGL */;
			targetProxy = D541EBB31893C82500B069F4 /* PBXContainerItemProxy */;
		};
/* End PBXTargetDependency section */

/* Begin PBXVariantGroup section */
		D541EB9A1893C82500B069F4 /* InfoPlist.strings */ = {
			isa = PBXVariantGroup;
			children = (
				D541EB9B1893C82500B069F4 /* en */,
			);
			name = InfoPlist.strings;
			sourceTree = "<group>";
		};
		D541EBA01893C82500B069F4 /* Credits.rtf */ = {
			isa = PBXVariantGroup;
			children = (
				D541EBA11893C82500B069F4 /* en */,
			);
			name = Credits.rtf;
			sourceTree = "<group>";
		};
		D541EBA61893C82500B069F4 /* MainMenu.xib */ = {
			isa = PBXVariantGroup;
			children = (
				D541EBA71893C82500B069F4 /* Base */,
			);
			name = MainMenu.xib;
			sourceTree = "<group>";
		};
		D541EBB81893C82500B069F4 /* InfoPlist.strings */ = {
			isa = PBXVariantGroup;
			children = (
				D541EBB91893C82500B069F4 /* en */,
			);
			name = InfoPlist.strings;
			sourceTree = "<group>";
		};
/* End PBXVariantGroup section */

/* Begin XCBuildConfiguration section */
		D541EBBD1893C82500B069F4 /* Debug */ = {
			isa = XCBuildConfiguration;
			buildSettings = {
				ALWAYS_SEARCH_USER_PATHS = NO;
				CLANG_CXX_LANGUAGE_STANDARD = "gnu++0x";
				CLANG_CXX_LIBRARY = "libc++";
				CLANG_ENABLE_OBJC_ARC = YES;
				CLANG_WARN_BOOL_CONVERSION = YES;
				CLANG_WARN_CONSTANT_CONVERSION = YES;
				CLANG_WARN_DIRECT_OBJC_ISA_USAGE = YES_ERROR;
				CLANG_WARN_EMPTY_BODY = YES;
				CLANG_WARN_ENUM_CONVERSION = YES;
				CLANG_WARN_INT_CONVERSION = YES;
				CLANG_WARN_OBJC_ROOT_CLASS = YES_ERROR;
				CLANG_WARN__DUPLICATE_METHOD_MATCH = YES;
				COPY_PHASE_STRIP = NO;
				GCC_C_LANGUAGE_STANDARD = gnu99;
				GCC_DYNAMIC_NO_PIC = NO;
				GCC_ENABLE_OBJC_EXCEPTIONS = YES;
				GCC_OPTIMIZATION_LEVEL = 0;
				GCC_PREPROCESSOR_DEFINITIONS = (
					"DEBUG=1",
					"$(inherited)",
				);
				GCC_SYMBOLS_PRIVATE_EXTERN = NO;
				GCC_WARN_64_TO_32_BIT_CONVERSION = YES;
				GCC_WARN_ABOUT_RETURN_TYPE = YES_ERROR;
				GCC_WARN_UNDECLARED_SELECTOR = YES;
				GCC_WARN_UNINITIALIZED_AUTOS = YES;
				GCC_WARN_UNUSED_FUNCTION = YES;
				GCC_WARN_UNUSED_VARIABLE = YES;
				MACOSX_DEPLOYMENT_TARGET = 10.8;
				ONLY_ACTIVE_ARCH = YES;
				SDKROOT = macosx;
			};
			name = Debug;
		};
		D541EBBE1893C82500B069F4 /* Release */ = {
			isa = XCBuildConfiguration;
			buildSettings = {
				ALWAYS_SEARCH_USER_PATHS = NO;
				CLANG_CXX_LANGUAGE_STANDARD = "gnu++0x";
				CLANG_CXX_LIBRARY = "libc++";
				CLANG_ENABLE_OBJC_ARC = YES;
				CLANG_WARN_BOOL_CONVERSION = YES;
				CLANG_WARN_CONSTANT_CONVERSION = YES;
				CLANG_WARN_DIRECT_OBJC_ISA_USAGE = YES_ERROR;
				CLANG_WARN_EMPTY_BODY = YES;
				CLANG_WARN_ENUM_CONVERSION = YES;
				CLANG_WARN_INT_CONVERSION = YES;
				CLANG_WARN_OBJC_ROOT_CLASS = YES_ERROR;
				CLANG_WARN__DUPLICATE_METHOD_MATCH = YES;
				COPY_PHASE_STRIP = YES;
				DEBUG_INFORMATION_FORMAT = "dwarf-with-dsym";
				ENABLE_NS_ASSERTIONS = NO;
				GCC_C_LANGUAGE_STANDARD = gnu99;
				GCC_ENABLE_OBJC_EXCEPTIONS = YES;
				GCC_WARN_64_TO_32_BIT_CONVERSION = YES;
				GCC_WARN_ABOUT_RETURN_TYPE = YES_ERROR;
				GCC_WARN_UNDECLARED_SELECTOR = YES;
				GCC_WARN_UNINITIALIZED_AUTOS = YES;
				GCC_WARN_UNUSED_FUNCTION = YES;
				GCC_WARN_UNUSED_VARIABLE = YES;
				MACOSX_DEPLOYMENT_TARGET = 10.8;
				SDKROOT = macosx;
			};
			name = Release;
		};
		D541EBC01893C82500B069F4 /* Debug */ = {
			isa = XCBuildConfiguration;
			buildSettings = {
				ARCHS = "$(ARCHS_STANDARD_64_BIT)";
				ASSETCATALOG_COMPILER_APPICON_NAME = AppIcon;
				CLANG_CXX_LIBRARY = "libstdc++";
				COMBINE_HIDPI_IMAGES = YES;
				GCC_ENABLE_CPP_EXCEPTIONS = NO;
				GCC_ENABLE_CPP_RTTI = NO;
				GCC_PRECOMPILE_PREFIX_HEADER = YES;
				GCC_PREFIX_HEADER = "BasicGL/BasicGL-Prefix.pch";
				HEADER_SEARCH_PATHS = (
					"$(inherited)",
					/Applications/Xcode.app/Contents/Developer/Toolchains/XcodeDefault.xctoolchain/usr/include,
					../BasicGL/BasicGL/LibOVR/Src,
				);
				INFOPLIST_FILE = "BasicGL/BasicGL-Info.plist";
				LIBRARY_SEARCH_PATHS = (
					"$(inherited)",
					../BasicGL/BasicGL/LibOVR/Lib/MacOS/Debug,
				);
				MACOSX_DEPLOYMENT_TARGET = 10.8;
				ONLY_ACTIVE_ARCH = NO;
				PRODUCT_NAME = "$(TARGET_NAME)";
				WRAPPER_EXTENSION = app;
			};
			name = Debug;
		};
		D541EBC11893C82500B069F4 /* Release */ = {
			isa = XCBuildConfiguration;
			buildSettings = {
				ARCHS = "$(ARCHS_STANDARD_64_BIT)";
				ASSETCATALOG_COMPILER_APPICON_NAME = AppIcon;
				CLANG_CXX_LIBRARY = "libstdc++";
				COMBINE_HIDPI_IMAGES = YES;
				GCC_ENABLE_CPP_EXCEPTIONS = NO;
				GCC_ENABLE_CPP_RTTI = NO;
				GCC_PRECOMPILE_PREFIX_HEADER = YES;
				GCC_PREFIX_HEADER = "BasicGL/BasicGL-Prefix.pch";
				HEADER_SEARCH_PATHS = (
					"$(inherited)",
					/Applications/Xcode.app/Contents/Developer/Toolchains/XcodeDefault.xctoolchain/usr/include,
					../BasicGL/BasicGL/LibOVR/Src,
				);
				INFOPLIST_FILE = "BasicGL/BasicGL-Info.plist";
				LIBRARY_SEARCH_PATHS = (
					"$(inherited)",
					../BasicGL/BasicGL/LibOVR/Lib/MacOS/Release,
				);
				MACOSX_DEPLOYMENT_TARGET = 10.8;
				PRODUCT_NAME = "$(TARGET_NAME)";
				WRAPPER_EXTENSION = app;
			};
			name = Release;
		};
		D541EBC31893C82500B069F4 /* Debug */ = {
			isa = XCBuildConfiguration;
			buildSettings = {
				ALWAYS_SEARCH_USER_PATHS = YES;
				BUNDLE_LOADER = "$(BUILT_PRODUCTS_DIR)/BasicGL.app/Contents/MacOS/BasicGL";
				COMBINE_HIDPI_IMAGES = YES;
				FRAMEWORK_SEARCH_PATHS = (
					"$(DEVELOPER_FRAMEWORKS_DIR)",
					"$(inherited)",
				);
				GCC_INPUT_FILETYPE = automatic;
				GCC_PRECOMPILE_PREFIX_HEADER = YES;
				GCC_PREFIX_HEADER = "BasicGL/BasicGL-Prefix.pch";
				GCC_PREPROCESSOR_DEFINITIONS = (
					"DEBUG=1",
					"$(inherited)",
				);
				INFOPLIST_FILE = "BasicGLTests/BasicGLTests-Info.plist";
				MACOSX_DEPLOYMENT_TARGET = 10.8;
				OTHER_CFLAGS = "";
				OTHER_CPLUSPLUSFLAGS = "$(OTHER_CFLAGS)";
				PRODUCT_NAME = "$(TARGET_NAME)";
				TEST_HOST = "$(BUNDLE_LOADER)";
				WRAPPER_EXTENSION = xctest;
			};
			name = Debug;
		};
		D541EBC41893C82500B069F4 /* Release */ = {
			isa = XCBuildConfiguration;
			buildSettings = {
				ALWAYS_SEARCH_USER_PATHS = YES;
				BUNDLE_LOADER = "$(BUILT_PRODUCTS_DIR)/BasicGL.app/Contents/MacOS/BasicGL";
				COMBINE_HIDPI_IMAGES = YES;
				FRAMEWORK_SEARCH_PATHS = (
					"$(DEVELOPER_FRAMEWORKS_DIR)",
					"$(inherited)",
				);
				GCC_INPUT_FILETYPE = automatic;
				GCC_PRECOMPILE_PREFIX_HEADER = YES;
				GCC_PREFIX_HEADER = "BasicGL/BasicGL-Prefix.pch";
				INFOPLIST_FILE = "BasicGLTests/BasicGLTests-Info.plist";
				MACOSX_DEPLOYMENT_TARGET = 10.8;
				OTHER_CFLAGS = "";
				OTHER_CPLUSPLUSFLAGS = "$(OTHER_CFLAGS)";
				PRODUCT_NAME = "$(TARGET_NAME)";
				TEST_HOST = "$(BUNDLE_LOADER)";
				WRAPPER_EXTENSION = xctest;
			};
			name = Release;
		};
/* End XCBuildConfiguration section */

/* Begin XCConfigurationList section */
		D541EB891893C82500B069F4 /* Build configuration list for PBXProject "BasicGL" */ = {
			isa = XCConfigurationList;
			buildConfigurations = (
				D541EBBD1893C82500B069F4 /* Debug */,
				D541EBBE1893C82500B069F4 /* Release */,
			);
			defaultConfigurationIsVisible = 0;
			defaultConfigurationName = Release;
		};
		D541EBBF1893C82500B069F4 /* Build configuration list for PBXNativeTarget "BasicGL" */ = {
			isa = XCConfigurationList;
			buildConfigurations = (
				D541EBC01893C82500B069F4 /* Debug */,
				D541EBC11893C82500B069F4 /* Release */,
			);
			defaultConfigurationIsVisible = 0;
			defaultConfigurationName = Release;
		};
		D541EBC21893C82500B069F4 /* Build configuration list for PBXNativeTarget "BasicGLTests" */ = {
			isa = XCConfigurationList;
			buildConfigurations = (
				D541EBC31893C82500B069F4 /* Debug */,
				D541EBC41893C82500B069F4 /* Release */,
			);
			defaultConfigurationIsVisible = 0;
			defaultConfigurationName = Release;
		};
/* End XCConfigurationList section */
	};
	rootObject = D541EB861893C82500B069F4 /* Project object */;
}
